
Microsoft Visual Studio Solution File, Format Version 11.00
# Visual Studio 2010
Project("{8BC9CEB8-8B4A-11D0-8D11-00A0C91BC942}") = "STswap", "STswap\STswap.vcxproj", "{44DED43A-F455-4AA8-9D31-30C1ADAA8E86}"
EndProject
Global
	GlobalSection(SolutionConfigurationPlatforms) = preSolution
		Debug|Win32 = Debug|Win32
		Release|Win32 = Release|Win32
	EndGlobalSection
	GlobalSection(ProjectConfigurationPlatforms) = postSolution
		{44DED43A-F455-4AA8-9D31-30C1ADAA8E86}.Debug|Win32.ActiveCfg = Debug|Win32
		{44DED43A-F455-4AA8-9D31-30C1ADAA8E86}.Debug|Win32.Build.0 = Debug|Win32
		{44DED43A-F455-4AA8-9D31-30C1ADAA8E86}.Release|Win32.ActiveCfg = Release|Win32
		{44DED43A-F455-4AA8-9D31-30C1ADAA8E86}.Release|Win32.Build.0 = Release|Win32
	EndGlobalSection
	GlobalSection(SolutionProperties) = preSolution
		HideSolutionNode = FALSE
	EndGlobalSection
EndGlobal
